
Microsoft Visual Studio Solution File, Format Version 12.00
# Visual Studio Version 16
VisualStudioVersion = 16.0.31005.135
MinimumVisualStudioVersion = 10.0.40219.1
Project("{FAE04EC0-301F-11D3-BF4B-00C04F79EFBC}") = "QLernionSystemTests", "QLernionSystemTests.csproj", "{4CA36E05-FA71-48D4-A044-BF284AF888B8}"
EndProject
Global
	GlobalSection(SolutionConfigurationPlatforms) = preSolution
		Debug|Any CPU = Debug|Any CPU
		Release|Any CPU = Release|Any CPU
	EndGlobalSection
	GlobalSection(ProjectConfigurationPlatforms) = postSolution
		{4CA36E05-FA71-48D4-A044-BF284AF888B8}.Debug|Any CPU.ActiveCfg = Debug|Any CPU
		{4CA36E05-FA71-48D4-A044-BF284AF888B8}.Debug|Any CPU.Build.0 = Debug|Any CPU
		{4CA36E05-FA71-48D4-A044-BF284AF888B8}.Release|Any CPU.ActiveCfg = Release|Any CPU
		{4CA36E05-FA71-48D4-A044-BF284AF888B8}.Release|Any CPU.Build.0 = Release|Any CPU
	EndGlobalSection
	GlobalSection(SolutionProperties) = preSolution
		HideSolutionNode = FALSE
	EndGlobalSection
	GlobalSection(ExtensibilityGlobals) = postSolution
		SolutionGuid = {93353FE9-4341-4DA1-95FE-AB429208E37D}
	EndGlobalSection
EndGlobal
